
Microsoft Visual Studio Solution File, Format Version 12.00
# Visual Studio Version 17
VisualStudioVersion = 17.9.34728.123
MinimumVisualStudioVersion = 10.0.40219.1
Project("{9A19103F-16F7-4668-BE54-9A1E7A4F7556}") = "CICD Demo", "CICD Demo.csproj", "{5D0B3895-E4B1-4109-A830-BE4B149E859E}"
EndProject
Global
	GlobalSection(SolutionConfigurationPlatforms) = preSolution
		Debug|Any CPU = Debug|Any CPU
		Release|Any CPU = Release|Any CPU
	EndGlobalSection
	GlobalSection(ProjectConfigurationPlatforms) = postSolution
		{5D0B3895-E4B1-4109-A830-BE4B149E859E}.Debug|Any CPU.ActiveCfg = Debug|Any CPU
		{5D0B3895-E4B1-4109-A830-BE4B149E859E}.Debug|Any CPU.Build.0 = Debug|Any CPU
		{5D0B3895-E4B1-4109-A830-BE4B149E859E}.Release|Any CPU.ActiveCfg = Release|Any CPU
		{5D0B3895-E4B1-4109-A830-BE4B149E859E}.Release|Any CPU.Build.0 = Release|Any CPU
	EndGlobalSection
	GlobalSection(SolutionProperties) = preSolution
		HideSolutionNode = FALSE
	EndGlobalSection
	GlobalSection(ExtensibilityGlobals) = postSolution
		SolutionGuid = {02F2169B-9385-423E-9A40-49413CF5F4BE}
	EndGlobalSection
EndGlobal
